
Microsoft Visual Studio Solution File, Format Version 12.00
# Visual Studio Version 17
VisualStudioVersion = 17.5.002.0
MinimumVisualStudioVersion = 10.0.40219.1
Project("{9A19103F-16F7-4668-BE54-9A1E7A4F7556}") = "dotnetcoresample", "dotnetcoresample.csproj", "{F67126DA-8274-4C3E-BC1A-1F90F1DC61F5}"
EndProject
Global
	GlobalSection(SolutionConfigurationPlatforms) = preSolution
		Debug|Any CPU = Debug|Any CPU
		Release|Any CPU = Release|Any CPU
	EndGlobalSection
	GlobalSection(ProjectConfigurationPlatforms) = postSolution
		{F67126DA-8274-4C3E-BC1A-1F90F1DC61F5}.Debug|Any CPU.ActiveCfg = Debug|Any CPU
		{F67126DA-8274-4C3E-BC1A-1F90F1DC61F5}.Debug|Any CPU.Build.0 = Debug|Any CPU
		{F67126DA-8274-4C3E-BC1A-1F90F1DC61F5}.Release|Any CPU.ActiveCfg = Release|Any CPU
		{F67126DA-8274-4C3E-BC1A-1F90F1DC61F5}.Release|Any CPU.Build.0 = Release|Any CPU
	EndGlobalSection
	GlobalSection(SolutionProperties) = preSolution
		HideSolutionNode = FALSE
	EndGlobalSection
	GlobalSection(ExtensibilityGlobals) = postSolution
		SolutionGuid = {55EAA66D-1F7F-44A3-94DE-1CFDFE201BBB}
	EndGlobalSection
EndGlobal
